// !$*UTF8*$!
{
	archiveVersion = 1;
	classes = {
	};
	objectVersion = 46;
	objects = {

/* Begin PBXBuildFile section */
		60DA6648179F19DF0052D1EF /* funny-scary-video.jpg in Resources */ = {isa = PBXBuildFile; fileRef = 60DA6647179F19DF0052D1EF /* funny-scary-video.jpg */; };
		BC1709E8179ECDFD00FAEB9E /* LEDgray.png in Resources */ = {isa = PBXBuildFile; fileRef = BC1709E7179ECDFD00FAEB9E /* LEDgray.png */; };
		BC1DBDCA179D9CF300628E17 /* Foundation.framework in Frameworks */ = {isa = PBXBuildFile; fileRef = BC1DBDC9179D9CF300628E17 /* Foundation.framework */; };
		BC1DBDCC179D9CF300628E17 /* CoreGraphics.framework in Frameworks */ = {isa = PBXBuildFile; fileRef = BC1DBDCB179D9CF300628E17 /* CoreGraphics.framework */; };
		BC1DBDCE179D9CF300628E17 /* UIKit.framework in Frameworks */ = {isa = PBXBuildFile; fileRef = BC1DBDCD179D9CF300628E17 /* UIKit.framework */; };
		BC1DBDD0179D9CF300628E17 /* SpriteKit.framework in Frameworks */ = {isa = PBXBuildFile; fileRef = BC1DBDCF179D9CF300628E17 /* SpriteKit.framework */; };
		BC1DBDD6179D9CF300628E17 /* InfoPlist.strings in Resources */ = {isa = PBXBuildFile; fileRef = BC1DBDD4179D9CF300628E17 /* InfoPlist.strings */; };
		BC1DBDD8179D9CF300628E17 /* main.m in Sources */ = {isa = PBXBuildFile; fileRef = BC1DBDD7179D9CF300628E17 /* main.m */; };
		BC1DBDDC179D9CF300628E17 /* MazeAppDelegate.m in Sources */ = {isa = PBXBuildFile; fileRef = BC1DBDDB179D9CF300628E17 /* MazeAppDelegate.m */; };
		BC1DBDDF179D9CF300628E17 /* Main.storyboard in Resources */ = {isa = PBXBuildFile; fileRef = BC1DBDDD179D9CF300628E17 /* Main.storyboard */; };
		BC1DBDE2179D9CF300628E17 /* MazeViewController.m in Sources */ = {isa = PBXBuildFile; fileRef = BC1DBDE1179D9CF300628E17 /* MazeViewController.m */; };
		BC1DBDE5179D9CF300628E17 /* MazeMyScene.m in Sources */ = {isa = PBXBuildFile; fileRef = BC1DBDE4179D9CF300628E17 /* MazeMyScene.m */; };
		BC1DBDE7179D9CF300628E17 /* Spaceship.png in Resources */ = {isa = PBXBuildFile; fileRef = BC1DBDE6179D9CF300628E17 /* Spaceship.png */; };
		BC1DBDE9179D9CF300628E17 /* Images.xcassets in Resources */ = {isa = PBXBuildFile; fileRef = BC1DBDE8179D9CF300628E17 /* Images.xcassets */; };
		BC1DBDF0179D9CF300628E17 /* XCTest.framework in Frameworks */ = {isa = PBXBuildFile; fileRef = BC1DBDEF179D9CF300628E17 /* XCTest.framework */; };
		BC1DBDF1179D9CF300628E17 /* Foundation.framework in Frameworks */ = {isa = PBXBuildFile; fileRef = BC1DBDC9179D9CF300628E17 /* Foundation.framework */; };
		BC1DBDF2179D9CF300628E17 /* UIKit.framework in Frameworks */ = {isa = PBXBuildFile; fileRef = BC1DBDCD179D9CF300628E17 /* UIKit.framework */; };
		BC1DBDFA179D9CF300628E17 /* InfoPlist.strings in Resources */ = {isa = PBXBuildFile; fileRef = BC1DBDF8179D9CF300628E17 /* InfoPlist.strings */; };
		BC1DBDFC179D9CF300628E17 /* MazeTests.m in Sources */ = {isa = PBXBuildFile; fileRef = BC1DBDFB179D9CF300628E17 /* MazeTests.m */; };
		BC1DBE08179D9FD300628E17 /* CoreMotion.framework in Frameworks */ = {isa = PBXBuildFile; fileRef = BC1DBE07179D9FD300628E17 /* CoreMotion.framework */; };
		BC574C60179E051200E1580D /* QuartzCore.framework in Frameworks */ = {isa = PBXBuildFile; fileRef = BC574C5F179E051200E1580D /* QuartzCore.framework */; };
		BC574C62179E419400E1580D /* circuitBoard.jpg in Resources */ = {isa = PBXBuildFile; fileRef = BC574C61179E419400E1580D /* circuitBoard.jpg */; };
		BC574C66179E43CD00E1580D /* circuitBoard3.jpg in Resources */ = {isa = PBXBuildFile; fileRef = BC574C65179E43CD00E1580D /* circuitBoard3.jpg */; };
		BC574C67179E43E100E1580D /* circuitBoardcopy.jpg in Resources */ = {isa = PBXBuildFile; fileRef = BC574C64179E433900E1580D /* circuitBoardcopy.jpg */; };
		BC574C68179E43E400E1580D /* circuit.jpeg in Resources */ = {isa = PBXBuildFile; fileRef = BC574C63179E423C00E1580D /* circuit.jpeg */; };
		BC574C6A179E447200E1580D /* circuitBoardResized.jpg in Resources */ = {isa = PBXBuildFile; fileRef = BC574C69179E447200E1580D /* circuitBoardResized.jpg */; };
		BC574C7C179E54C500E1580D /* LEDblue.png in Resources */ = {isa = PBXBuildFile; fileRef = BC574C79179E54C500E1580D /* LEDblue.png */; };
		BC574C7D179E54C500E1580D /* LEDorange.png in Resources */ = {isa = PBXBuildFile; fileRef = BC574C7A179E54C500E1580D /* LEDorange.png */; };
		BC574C7E179E54C500E1580D /* LEDred.png in Resources */ = {isa = PBXBuildFile; fileRef = BC574C7B179E54C500E1580D /* LEDred.png */; };
/* End PBXBuildFile section */

/* Begin PBXContainerItemProxy section */
		BC1DBDF3179D9CF300628E17 /* PBXContainerItemProxy */ = {
			isa = PBXContainerItemProxy;
			containerPortal = BC1DBDBE179D9CF300628E17 /* Project object */;
			proxyType = 1;
			remoteGlobalIDString = BC1DBDC5179D9CF300628E17;
			remoteInfo = Maze;
		};
/* End PBXContainerItemProxy section */

/* Begin PBXFileReference section */
		60DA6647179F19DF0052D1EF /* funny-scary-video.jpg */ = {isa = PBXFileReference; lastKnownFileType = image.jpeg; name = "funny-scary-video.jpg"; path = "../../../../Desktop/funny-scary-video.jpg"; sourceTree = "<group>"; };
		BC1709E7179ECDFD00FAEB9E /* LEDgray.png */ = {isa = PBXFileReference; lastKnownFileType = image.png; path = LEDgray.png; sourceTree = "<group>"; };
		BC1DBDC6179D9CF300628E17 /* Maze.app */ = {isa = PBXFileReference; explicitFileType = wrapper.application; includeInIndex = 0; path = Maze.app; sourceTree = BUILT_PRODUCTS_DIR; };
		BC1DBDC9179D9CF300628E17 /* Foundation.framework */ = {isa = PBXFileReference; lastKnownFileType = wrapper.framework; name = Foundation.framework; path = System/Library/Frameworks/Foundation.framework; sourceTree = SDKROOT; };
		BC1DBDCB179D9CF300628E17 /* CoreGraphics.framework */ = {isa = PBXFileReference; lastKnownFileType = wrapper.framework; name = CoreGraphics.framework; path = System/Library/Frameworks/CoreGraphics.framework; sourceTree = SDKROOT; };
		BC1DBDCD179D9CF300628E17 /* UIKit.framework */ = {isa = PBXFileReference; lastKnownFileType = wrapper.framework; name = UIKit.framework; path = System/Library/Frameworks/UIKit.framework; sourceTree = SDKROOT; };
		BC1DBDCF179D9CF300628E17 /* SpriteKit.framework */ = {isa = PBXFileReference; lastKnownFileType = wrapper.framework; name = SpriteKit.framework; path = System/Library/Frameworks/SpriteKit.framework; sourceTree = SDKROOT; };
		BC1DBDD3179D9CF300628E17 /* Maze-Info.plist */ = {isa = PBXFileReference; lastKnownFileType = text.plist.xml; path = "Maze-Info.plist"; sourceTree = "<group>"; };
		BC1DBDD5179D9CF300628E17 /* en */ = {isa = PBXFileReference; lastKnownFileType = text.plist.strings; name = en; path = en.lproj/InfoPlist.strings; sourceTree = "<group>"; };
		BC1DBDD7179D9CF300628E17 /* main.m */ = {isa = PBXFileReference; lastKnownFileType = sourcecode.c.objc; path = main.m; sourceTree = "<group>"; };
		BC1DBDD9179D9CF300628E17 /* Maze-Prefix.pch */ = {isa = PBXFileReference; lastKnownFileType = sourcecode.c.h; path = "Maze-Prefix.pch"; sourceTree = "<group>"; };
		BC1DBDDA179D9CF300628E17 /* MazeAppDelegate.h */ = {isa = PBXFileReference; lastKnownFileType = sourcecode.c.h; path = MazeAppDelegate.h; sourceTree = "<group>"; };
		BC1DBDDB179D9CF300628E17 /* MazeAppDelegate.m */ = {isa = PBXFileReference; lastKnownFileType = sourcecode.c.objc; path = MazeAppDelegate.m; sourceTree = "<group>"; };
		BC1DBDDE179D9CF300628E17 /* Base */ = {isa = PBXFileReference; lastKnownFileType = file.storyboard; name = Base; path = Base.lproj/Main.storyboard; sourceTree = "<group>"; };
		BC1DBDE0179D9CF300628E17 /* MazeViewController.h */ = {isa = PBXFileReference; lastKnownFileType = sourcecode.c.h; path = MazeViewController.h; sourceTree = "<group>"; };
		BC1DBDE1179D9CF300628E17 /* MazeViewController.m */ = {isa = PBXFileReference; lastKnownFileType = sourcecode.c.objc; path = MazeViewController.m; sourceTree = "<group>"; };
		BC1DBDE3179D9CF300628E17 /* MazeMyScene.h */ = {isa = PBXFileReference; lastKnownFileType = sourcecode.c.h; path = MazeMyScene.h; sourceTree = "<group>"; };
		BC1DBDE4179D9CF300628E17 /* MazeMyScene.m */ = {isa = PBXFileReference; lastKnownFileType = sourcecode.c.objc; path = MazeMyScene.m; sourceTree = "<group>"; };
		BC1DBDE6179D9CF300628E17 /* Spaceship.png */ = {isa = PBXFileReference; lastKnownFileType = image.png; path = Spaceship.png; sourceTree = "<group>"; };
		BC1DBDE8179D9CF300628E17 /* Images.xcassets */ = {isa = PBXFileReference; lastKnownFileType = folder.assetcatalog; path = Images.xcassets; sourceTree = "<group>"; };
		BC1DBDEE179D9CF300628E17 /* MazeTests.xctest */ = {isa = PBXFileReference; explicitFileType = wrapper.cfbundle; includeInIndex = 0; path = MazeTests.xctest; sourceTree = BUILT_PRODUCTS_DIR; };
		BC1DBDEF179D9CF300628E17 /* XCTest.framework */ = {isa = PBXFileReference; lastKnownFileType = wrapper.framework; name = XCTest.framework; path = Library/Frameworks/XCTest.framework; sourceTree = DEVELOPER_DIR; };
		BC1DBDF7179D9CF300628E17 /* MazeTests-Info.plist */ = {isa = PBXFileReference; lastKnownFileType = text.plist.xml; path = "MazeTests-Info.plist"; sourceTree = "<group>"; };
		BC1DBDF9179D9CF300628E17 /* en */ = {isa = PBXFileReference; lastKnownFileType = text.plist.strings; name = en; path = en.lproj/InfoPlist.strings; sourceTree = "<group>"; };
		BC1DBDFB179D9CF300628E17 /* MazeTests.m */ = {isa = PBXFileReference; lastKnownFileType = sourcecode.c.objc; path = MazeTests.m; sourceTree = "<group>"; };
		BC1DBE05179D9F3C00628E17 /* Accelerate.framework */ = {isa = PBXFileReference; lastKnownFileType = wrapper.framework; name = Accelerate.framework; path = System/Library/Frameworks/Accelerate.framework; sourceTree = SDKROOT; };
		BC1DBE07179D9FD300628E17 /* CoreMotion.framework */ = {isa = PBXFileReference; lastKnownFileType = wrapper.framework; name = CoreMotion.framework; path = System/Library/Frameworks/CoreMotion.framework; sourceTree = SDKROOT; };
		BC574C5F179E051200E1580D /* QuartzCore.framework */ = {isa = PBXFileReference; lastKnownFileType = wrapper.framework; name = QuartzCore.framework; path = System/Library/Frameworks/QuartzCore.framework; sourceTree = SDKROOT; };
		BC574C61179E419400E1580D /* circuitBoard.jpg */ = {isa = PBXFileReference; lastKnownFileType = image.jpeg; path = circuitBoard.jpg; sourceTree = "<group>"; };
		BC574C63179E423C00E1580D /* circuit.jpeg */ = {isa = PBXFileReference; lastKnownFileType = image.jpeg; name = circuit.jpeg; path = ../circuit.jpeg; sourceTree = "<group>"; };
		BC574C64179E433900E1580D /* circuitBoardcopy.jpg */ = {isa = PBXFileReference; lastKnownFileType = image.jpeg; path = circuitBoardcopy.jpg; sourceTree = "<group>"; };
		BC574C65179E43CD00E1580D /* circuitBoard3.jpg */ = {isa = PBXFileReference; lastKnownFileType = image.jpeg; path = circuitBoard3.jpg; sourceTree = "<group>"; };
		BC574C69179E447200E1580D /* circuitBoardResized.jpg */ = {isa = PBXFileReference; lastKnownFileType = image.jpeg; path = circuitBoardResized.jpg; sourceTree = "<group>"; };
		BC574C79179E54C500E1580D /* LEDblue.png */ = {isa = PBXFileReference; lastKnownFileType = image.png; path = LEDblue.png; sourceTree = "<group>"; };
		BC574C7A179E54C500E1580D /* LEDorange.png */ = {isa = PBXFileReference; lastKnownFileType = image.png; path = LEDorange.png; sourceTree = "<group>"; };
		BC574C7B179E54C500E1580D /* LEDred.png */ = {isa = PBXFileReference; lastKnownFileType = image.png; path = LEDred.png; sourceTree = "<group>"; };
/* End PBXFileReference section */

/* Begin PBXFrameworksBuildPhase section */
		BC1DBDC3179D9CF300628E17 /* Frameworks */ = {
			isa = PBXFrameworksBuildPhase;
			buildActionMask = 2147483647;
			files = (
				BC574C60179E051200E1580D /* QuartzCore.framework in Frameworks */,
				BC1DBE08179D9FD300628E17 /* CoreMotion.framework in Frameworks */,
				BC1DBDCC179D9CF300628E17 /* CoreGraphics.framework in Frameworks */,
				BC1DBDCE179D9CF300628E17 /* UIKit.framework in Frameworks */,
				BC1DBDD0179D9CF300628E17 /* SpriteKit.framework in Frameworks */,
				BC1DBDCA179D9CF300628E17 /* Foundation.framework in Frameworks */,
			);
			runOnlyForDeploymentPostprocessing = 0;
		};
		BC1DBDEB179D9CF300628E17 /* Frameworks */ = {
			isa = PBXFrameworksBuildPhase;
			buildActionMask = 2147483647;
			files = (
				BC1DBDF0179D9CF300628E17 /* XCTest.framework in Frameworks */,
				BC1DBDF2179D9CF300628E17 /* UIKit.framework in Frameworks */,
				BC1DBDF1179D9CF300628E17 /* Foundation.framework in Frameworks */,
			);
			runOnlyForDeploymentPostprocessing = 0;
		};
/* End PBXFrameworksBuildPhase section */

/* Begin PBXGroup section */
		BC1DBDBD179D9CF300628E17 = {
			isa = PBXGroup;
			children = (
				BC574C79179E54C500E1580D /* LEDblue.png */,
				BC574C7A179E54C500E1580D /* LEDorange.png */,
				BC574C7B179E54C500E1580D /* LEDred.png */,
				BC1DBDD1179D9CF300628E17 /* Maze */,
				BC1DBDF5179D9CF300628E17 /* MazeTests */,
				BC1DBDC8179D9CF300628E17 /* Frameworks */,
				BC1DBDC7179D9CF300628E17 /* Products */,
			);
			sourceTree = "<group>";
		};
		BC1DBDC7179D9CF300628E17 /* Products */ = {
			isa = PBXGroup;
			children = (
				BC1DBDC6179D9CF300628E17 /* Maze.app */,
				BC1DBDEE179D9CF300628E17 /* MazeTests.xctest */,
			);
			name = Products;
			sourceTree = "<group>";
		};
		BC1DBDC8179D9CF300628E17 /* Frameworks */ = {
			isa = PBXGroup;
			children = (
				BC574C5F179E051200E1580D /* QuartzCore.framework */,
				BC1DBE07179D9FD300628E17 /* CoreMotion.framework */,
				BC1DBE05179D9F3C00628E17 /* Accelerate.framework */,
				BC1DBDC9179D9CF300628E17 /* Foundation.framework */,
				BC1DBDCB179D9CF300628E17 /* CoreGraphics.framework */,
				BC1DBDCD179D9CF300628E17 /* UIKit.framework */,
				BC1DBDCF179D9CF300628E17 /* SpriteKit.framework */,
				BC1DBDEF179D9CF300628E17 /* XCTest.framework */,
			);
			name = Frameworks;
			sourceTree = "<group>";
		};
		BC1DBDD1179D9CF300628E17 /* Maze */ = {
			isa = PBXGroup;
			children = (
				60DA6647179F19DF0052D1EF /* funny-scary-video.jpg */,
				BC1DBDDA179D9CF300628E17 /* MazeAppDelegate.h */,
				BC1DBDDB179D9CF300628E17 /* MazeAppDelegate.m */,
				BC1DBDDD179D9CF300628E17 /* Main.storyboard */,
				BC1DBDE0179D9CF300628E17 /* MazeViewController.h */,
				BC1DBDE1179D9CF300628E17 /* MazeViewController.m */,
				BC1DBDE3179D9CF300628E17 /* MazeMyScene.h */,
				BC1DBDE4179D9CF300628E17 /* MazeMyScene.m */,
				BC1709E7179ECDFD00FAEB9E /* LEDgray.png */,
				BC574C69179E447200E1580D /* circuitBoardResized.jpg */,
				BC574C65179E43CD00E1580D /* circuitBoard3.jpg */,
				BC574C64179E433900E1580D /* circuitBoardcopy.jpg */,
				BC574C63179E423C00E1580D /* circuit.jpeg */,
				BC574C61179E419400E1580D /* circuitBoard.jpg */,
				BC1DBDE6179D9CF300628E17 /* Spaceship.png */,
				BC1DBDE8179D9CF300628E17 /* Images.xcassets */,
				BC1DBDD2179D9CF300628E17 /* Supporting Files */,
			);
			path = Maze;
			sourceTree = "<group>";
		};
		BC1DBDD2179D9CF300628E17 /* Supporting Files */ = {
			isa = PBXGroup;
			children = (
				BC1DBDD3179D9CF300628E17 /* Maze-Info.plist */,
				BC1DBDD4179D9CF300628E17 /* InfoPlist.strings */,
				BC1DBDD7179D9CF300628E17 /* main.m */,
				BC1DBDD9179D9CF300628E17 /* Maze-Prefix.pch */,
			);
			name = "Supporting Files";
			sourceTree = "<group>";
		};
		BC1DBDF5179D9CF300628E17 /* MazeTests */ = {
			isa = PBXGroup;
			children = (
				BC1DBDFB179D9CF300628E17 /* MazeTests.m */,
				BC1DBDF6179D9CF300628E17 /* Supporting Files */,
			);
			path = MazeTests;
			sourceTree = "<group>";
		};
		BC1DBDF6179D9CF300628E17 /* Supporting Files */ = {
			isa = PBXGroup;
			children = (
				BC1DBDF7179D9CF300628E17 /* MazeTests-Info.plist */,
				BC1DBDF8179D9CF300628E17 /* InfoPlist.strings */,
			);
			name = "Supporting Files";
			sourceTree = "<group>";
		};
/* End PBXGroup section */

/* Begin PBXNativeTarget section */
		BC1DBDC5179D9CF300628E17 /* Maze */ = {
			isa = PBXNativeTarget;
			buildConfigurationList = BC1DBDFF179D9CF300628E17 /* Build configuration list for PBXNativeTarget "Maze" */;
			buildPhases = (
				BC1DBDC2179D9CF300628E17 /* Sources */,
				BC1DBDC3179D9CF300628E17 /* Frameworks */,
				BC1DBDC4179D9CF300628E17 /* Resources */,
			);
			buildRules = (
			);
			dependencies = (
			);
			name = Maze;
			productName = Maze;
			productReference = BC1DBDC6179D9CF300628E17 /* Maze.app */;
			productType = "com.apple.product-type.application";
		};
		BC1DBDED179D9CF300628E17 /* MazeTests */ = {
			isa = PBXNativeTarget;
			buildConfigurationList = BC1DBE02179D9CF300628E17 /* Build configuration list for PBXNativeTarget "MazeTests" */;
			buildPhases = (
				BC1DBDEA179D9CF300628E17 /* Sources */,
				BC1DBDEB179D9CF300628E17 /* Frameworks */,
				BC1DBDEC179D9CF300628E17 /* Resources */,
			);
			buildRules = (
			);
			dependencies = (
				BC1DBDF4179D9CF300628E17 /* PBXTargetDependency */,
			);
			name = MazeTests;
			productName = MazeTests;
			productReference = BC1DBDEE179D9CF300628E17 /* MazeTests.xctest */;
			productType = "com.apple.product-type.bundle.unit-test";
		};
/* End PBXNativeTarget section */

/* Begin PBXProject section */
		BC1DBDBE179D9CF300628E17 /* Project object */ = {
			isa = PBXProject;
			attributes = {
				CLASSPREFIX = Maze;
				LastUpgradeCheck = 0500;
				ORGANIZATIONNAME = "Kaitlyn Lee";
				TargetAttributes = {
					BC1DBDED179D9CF300628E17 = {
						TestTargetID = BC1DBDC5179D9CF300628E17;
					};
				};
			};
			buildConfigurationList = BC1DBDC1179D9CF300628E17 /* Build configuration list for PBXProject "Maze" */;
			compatibilityVersion = "Xcode 3.2";
			developmentRegion = English;
			hasScannedForEncodings = 0;
			knownRegions = (
				en,
				Base,
			);
			mainGroup = BC1DBDBD179D9CF300628E17;
			productRefGroup = BC1DBDC7179D9CF300628E17 /* Products */;
			projectDirPath = "";
			projectRoot = "";
			targets = (
				BC1DBDC5179D9CF300628E17 /* Maze */,
				BC1DBDED179D9CF300628E17 /* MazeTests */,
			);
		};
/* End PBXProject section */

/* Begin PBXResourcesBuildPhase section */
		BC1DBDC4179D9CF300628E17 /* Resources */ = {
			isa = PBXResourcesBuildPhase;
			buildActionMask = 2147483647;
			files = (
				BC574C67179E43E100E1580D /* circuitBoardcopy.jpg in Resources */,
				BC1DBDD6179D9CF300628E17 /* InfoPlist.strings in Resources */,
				BC1DBDE9179D9CF300628E17 /* Images.xcassets in Resources */,
				BC574C68179E43E400E1580D /* circuit.jpeg in Resources */,
				BC574C7D179E54C500E1580D /* LEDorange.png in Resources */,
				60DA6648179F19DF0052D1EF /* funny-scary-video.jpg in Resources */,
				BC574C7E179E54C500E1580D /* LEDred.png in Resources */,
				BC574C62179E419400E1580D /* circuitBoard.jpg in Resources */,
				BC574C7C179E54C500E1580D /* LEDblue.png in Resources */,
				BC1DBDE7179D9CF300628E17 /* Spaceship.png in Resources */,
				BC1709E8179ECDFD00FAEB9E /* LEDgray.png in Resources */,
				BC574C66179E43CD00E1580D /* circuitBoard3.jpg in Resources */,
				BC1DBDDF179D9CF300628E17 /* Main.storyboard in Resources */,
				BC574C6A179E447200E1580D /* circuitBoardResized.jpg in Resources */,
			);
			runOnlyForDeploymentPostprocessing = 0;
		};
		BC1DBDEC179D9CF300628E17 /* Resources */ = {
			isa = PBXResourcesBuildPhase;
			buildActionMask = 2147483647;
			files = (
				BC1DBDFA179D9CF300628E17 /* InfoPlist.strings in Resources */,
			);
			runOnlyForDeploymentPostprocessing = 0;
		};
/* End PBXResourcesBuildPhase section */

/* Begin PBXSourcesBuildPhase section */
		BC1DBDC2179D9CF300628E17 /* Sources */ = {
			isa = PBXSourcesBuildPhase;
			buildActionMask = 2147483647;
			files = (
				BC1DBDD8179D9CF300628E17 /* main.m in Sources */,
				BC1DBDE5179D9CF300628E17 /* MazeMyScene.m in Sources */,
				BC1DBDDC179D9CF300628E17 /* MazeAppDelegate.m in Sources */,
				BC1DBDE2179D9CF300628E17 /* MazeViewController.m in Sources */,
			);
			runOnlyForDeploymentPostprocessing = 0;
		};
		BC1DBDEA179D9CF300628E17 /* Sources */ = {
			isa = PBXSourcesBuildPhase;
			buildActionMask = 2147483647;
			files = (
				BC1DBDFC179D9CF300628E17 /* MazeTests.m in Sources */,
			);
			runOnlyForDeploymentPostprocessing = 0;
		};
/* End PBXSourcesBuildPhase section */

/* Begin PBXTargetDependency section */
		BC1DBDF4179D9CF300628E17 /* PBXTargetDependency */ = {
			isa = PBXTargetDependency;
			target = BC1DBDC5179D9CF300628E17 /* Maze */;
			targetProxy = BC1DBDF3179D9CF300628E17 /* PBXContainerItemProxy */;
		};
/* End PBXTargetDependency section */

/* Begin PBXVariantGroup section */
		BC1DBDD4179D9CF300628E17 /* InfoPlist.strings */ = {
			isa = PBXVariantGroup;
			children = (
				BC1DBDD5179D9CF300628E17 /* en */,
			);
			name = InfoPlist.strings;
			sourceTree = "<group>";
		};
		BC1DBDDD179D9CF300628E17 /* Main.storyboard */ = {
			isa = PBXVariantGroup;
			children = (
				BC1DBDDE179D9CF300628E17 /* Base */,
			);
			name = Main.storyboard;
			sourceTree = "<group>";
		};
		BC1DBDF8179D9CF300628E17 /* InfoPlist.strings */ = {
			isa = PBXVariantGroup;
			children = (
				BC1DBDF9179D9CF300628E17 /* en */,
			);
			name = InfoPlist.strings;
			sourceTree = "<group>";
		};
/* End PBXVariantGroup section */

/* Begin XCBuildConfiguration section */
		BC1DBDFD179D9CF300628E17 /* Debug */ = {
			isa = XCBuildConfiguration;
			buildSettings = {
				ALWAYS_SEARCH_USER_PATHS = NO;
				CLANG_CXX_LANGUAGE_STANDARD = "gnu++0x";
				CLANG_CXX_LIBRARY = "libc++";
				CLANG_ENABLE_MODULES = YES;
				CLANG_ENABLE_OBJC_ARC = YES;
				CLANG_WARN_BOOL_CONVERSION = YES;
				CLANG_WARN_CONSTANT_CONVERSION = YES;
				CLANG_WARN_DIRECT_OBJC_ISA_USAGE = YES_ERROR;
				CLANG_WARN_EMPTY_BODY = YES;
				CLANG_WARN_ENUM_CONVERSION = YES;
				CLANG_WARN_INT_CONVERSION = YES;
				CLANG_WARN_OBJC_ROOT_CLASS = YES_ERROR;
				CLANG_WARN__DUPLICATE_METHOD_MATCH = YES;
				"CODE_SIGN_IDENTITY[sdk=iphoneos*]" = "iPhone Developer";
				COPY_PHASE_STRIP = NO;
				GCC_C_LANGUAGE_STANDARD = gnu99;
				GCC_DYNAMIC_NO_PIC = NO;
				GCC_OPTIMIZATION_LEVEL = 0;
				GCC_PREPROCESSOR_DEFINITIONS = (
					"DEBUG=1",
					"$(inherited)",
				);
				GCC_SYMBOLS_PRIVATE_EXTERN = NO;
				GCC_WARN_ABOUT_RETURN_TYPE = YES_ERROR;
				GCC_WARN_UNDECLARED_SELECTOR = YES;
				GCC_WARN_UNINITIALIZED_AUTOS = YES;
				GCC_WARN_UNUSED_FUNCTION = YES;
				GCC_WARN_UNUSED_VARIABLE = YES;
				IPHONEOS_DEPLOYMENT_TARGET = 7.0;
				ONLY_ACTIVE_ARCH = YES;
				SDKROOT = iphoneos;
			};
			name = Debug;
		};
		BC1DBDFE179D9CF300628E17 /* Release */ = {
			isa = XCBuildConfiguration;
			buildSettings = {
				ALWAYS_SEARCH_USER_PATHS = NO;
				CLANG_CXX_LANGUAGE_STANDARD = "gnu++0x";
				CLANG_CXX_LIBRARY = "libc++";
				CLANG_ENABLE_MODULES = YES;
				CLANG_ENABLE_OBJC_ARC = YES;
				CLANG_WARN_BOOL_CONVERSION = YES;
				CLANG_WARN_CONSTANT_CONVERSION = YES;
				CLANG_WARN_DIRECT_OBJC_ISA_USAGE = YES_ERROR;
				CLANG_WARN_EMPTY_BODY = YES;
				CLANG_WARN_ENUM_CONVERSION = YES;
				CLANG_WARN_INT_CONVERSION = YES;
				CLANG_WARN_OBJC_ROOT_CLASS = YES_ERROR;
				CLANG_WARN__DUPLICATE_METHOD_MATCH = YES;
				"CODE_SIGN_IDENTITY[sdk=iphoneos*]" = "iPhone Developer";
				COPY_PHASE_STRIP = YES;
				ENABLE_NS_ASSERTIONS = NO;
				GCC_C_LANGUAGE_STANDARD = gnu99;
				GCC_WARN_ABOUT_RETURN_TYPE = YES_ERROR;
				GCC_WARN_UNDECLARED_SELECTOR = YES;
				GCC_WARN_UNINITIALIZED_AUTOS = YES;
				GCC_WARN_UNUSED_FUNCTION = YES;
				GCC_WARN_UNUSED_VARIABLE = YES;
				IPHONEOS_DEPLOYMENT_TARGET = 7.0;
				SDKROOT = iphoneos;
				VALIDATE_PRODUCT = YES;
			};
			name = Release;
		};
		BC1DBE00179D9CF300628E17 /* Debug */ = {
			isa = XCBuildConfiguration;
			buildSettings = {
				ASSETCATALOG_COMPILER_APPICON_NAME = AppIcon;
				ASSETCATALOG_COMPILER_LAUNCHIMAGE_NAME = LaunchImage;
				GCC_PRECOMPILE_PREFIX_HEADER = YES;
				GCC_PREFIX_HEADER = "Maze/Maze-Prefix.pch";
				INFOPLIST_FILE = "Maze/Maze-Info.plist";
				IPHONEOS_DEPLOYMENT_TARGET = 7.0;
				PRODUCT_NAME = "$(TARGET_NAME)";
				SPRITEKIT_TEXTURE_ATLAS_OUTPUT = YES;
				WRAPPER_EXTENSION = app;
			};
			name = Debug;
		};
		BC1DBE01179D9CF300628E17 /* Release */ = {
			isa = XCBuildConfiguration;
			buildSettings = {
				ASSETCATALOG_COMPILER_APPICON_NAME = AppIcon;
				ASSETCATALOG_COMPILER_LAUNCHIMAGE_NAME = LaunchImage;
				GCC_PRECOMPILE_PREFIX_HEADER = YES;
				GCC_PREFIX_HEADER = "Maze/Maze-Prefix.pch";
				INFOPLIST_FILE = "Maze/Maze-Info.plist";
				IPHONEOS_DEPLOYMENT_TARGET = 7.0;
				PRODUCT_NAME = "$(TARGET_NAME)";
				SPRITEKIT_TEXTURE_ATLAS_OUTPUT = YES;
				WRAPPER_EXTENSION = app;
			};
			name = Release;
		};
		BC1DBE03179D9CF300628E17 /* Debug */ = {
			isa = XCBuildConfiguration;
			buildSettings = {
				BUNDLE_LOADER = "$(BUILT_PRODUCTS_DIR)/Maze.app/Maze";
				FRAMEWORK_SEARCH_PATHS = (
					"$(SDKROOT)/Developer/Library/Frameworks",
					"$(inherited)",
					"$(SYSTEM_APPS_DIR)/Xcode5-DP3.app/Contents/Developer/Library/Frameworks",
				);
				GCC_PRECOMPILE_PREFIX_HEADER = YES;
				GCC_PREFIX_HEADER = "Maze/Maze-Prefix.pch";
				GCC_PREPROCESSOR_DEFINITIONS = (
					"DEBUG=1",
					"$(inherited)",
				);
				INFOPLIST_FILE = "MazeTests/MazeTests-Info.plist";
				PRODUCT_NAME = "$(TARGET_NAME)";
				TEST_HOST = "$(BUNDLE_LOADER)";
				WRAPPER_EXTENSION = xctest;
			};
			name = Debug;
		};
		BC1DBE04179D9CF300628E17 /* Release */ = {
			isa = XCBuildConfiguration;
			buildSettings = {
				BUNDLE_LOADER = "$(BUILT_PRODUCTS_DIR)/Maze.app/Maze";
				FRAMEWORK_SEARCH_PATHS = (
					"$(SDKROOT)/Developer/Library/Frameworks",
					"$(inherited)",
					"$(SYSTEM_APPS_DIR)/Xcode5-DP3.app/Contents/Developer/Library/Frameworks",
				);
				GCC_PRECOMPILE_PREFIX_HEADER = YES;
				GCC_PREFIX_HEADER = "Maze/Maze-Prefix.pch";
				INFOPLIST_FILE = "MazeTests/MazeTests-Info.plist";
				PRODUCT_NAME = "$(TARGET_NAME)";
				TEST_HOST = "$(BUNDLE_LOADER)";
				WRAPPER_EXTENSION = xctest;
			};
			name = Release;
		};
/* End XCBuildConfiguration section */

/* Begin XCConfigurationList section */
		BC1DBDC1179D9CF300628E17 /* Build configuration list for PBXProject "Maze" */ = {
			isa = XCConfigurationList;
			buildConfigurations = (
				BC1DBDFD179D9CF300628E17 /* Debug */,
				BC1DBDFE179D9CF300628E17 /* Release */,
			);
			defaultConfigurationIsVisible = 0;
			defaultConfigurationName = Release;
		};
		BC1DBDFF179D9CF300628E17 /* Build configuration list for PBXNativeTarget "Maze" */ = {
			isa = XCConfigurationList;
			buildConfigurations = (
				BC1DBE00179D9CF300628E17 /* Debug */,
				BC1DBE01179D9CF300628E17 /* Release */,
			);
			defaultConfigurationIsVisible = 0;
			defaultConfigurationName = Release;
		};
		BC1DBE02179D9CF300628E17 /* Build configuration list for PBXNativeTarget "MazeTests" */ = {
			isa = XCConfigurationList;
			buildConfigurations = (
				BC1DBE03179D9CF300628E17 /* Debug */,
				BC1DBE04179D9CF300628E17 /* Release */,
			);
			defaultConfigurationIsVisible = 0;
			defaultConfigurationName = Release;
		};
/* End XCConfigurationList section */
	};
	rootObject = BC1DBDBE179D9CF300628E17 /* Project object */;
}
